
Microsoft Visual Studio Solution File, Format Version 12.00
# Visual Studio Version 17
VisualStudioVersion = 17.10.34928.147
MinimumVisualStudioVersion = 10.0.40219.1
Project("{FAE04EC0-301F-11D3-BF4B-00C04F79EFBC}") = "CS2Stats", "CS2Stats.csproj", "{498F08B7-72FE-4B60-8A3E-EFC3BFFCFE99}"
EndProject
Global
	GlobalSection(SolutionConfigurationPlatforms) = preSolution
		Debug|Any CPU = Debug|Any CPU
		Release|Any CPU = Release|Any CPU
	EndGlobalSection
	GlobalSection(ProjectConfigurationPlatforms) = postSolution
		{498F08B7-72FE-4B60-8A3E-EFC3BFFCFE99}.Debug|Any CPU.ActiveCfg = Debug|Any CPU
		{498F08B7-72FE-4B60-8A3E-EFC3BFFCFE99}.Debug|Any CPU.Build.0 = Debug|Any CPU
		{498F08B7-72FE-4B60-8A3E-EFC3BFFCFE99}.Release|Any CPU.ActiveCfg = Release|Any CPU
		{498F08B7-72FE-4B60-8A3E-EFC3BFFCFE99}.Release|Any CPU.Build.0 = Release|Any CPU
	EndGlobalSection
	GlobalSection(SolutionProperties) = preSolution
		HideSolutionNode = FALSE
	EndGlobalSection
	GlobalSection(ExtensibilityGlobals) = postSolution
		SolutionGuid = {FC3A0F78-78DB-491E-A510-CDCD4D6ACCB1}
	EndGlobalSection
EndGlobal
